
Microsoft Visual Studio Solution File, Format Version 12.00
# Visual Studio Version 17
VisualStudioVersion = 17.11.35222.181
MinimumVisualStudioVersion = 10.0.40219.1
Project("{FAE04EC0-301F-11D3-BF4B-00C04F79EFBC}") = "ECDC.OutlookExtender", "ECDC.OutlookExtender\ECDC.OutlookExtender.csproj", "{72FFD47B-3F6A-453B-9AE6-D292169DA928}"
EndProject
Project("{FAE04EC0-301F-11D3-BF4B-00C04F79EFBC}") = "ECDC.Service.AI", "ECDC.Service.AI\ECDC.Service.AI.csproj", "{0233AA4A-0EF5-4769-9337-D1F171BC0E23}"
EndProject
Project("{2150E333-8FDC-42A3-9474-1A3956D46DE8}") = "Solution Items", "Solution Items", "{AFFD2FAC-B571-49E3-912E-E1558C5C7633}"
	ProjectSection(SolutionItems) = preProject
		readme.md = readme.md
	EndProjectSection
EndProject
Project("{FAE04EC0-301F-11D3-BF4B-00C04F79EFBC}") = "ECDC.Service.Files", "ECDC.Service.Files\ECDC.Service.Files.csproj", "{6A78FFCA-6EA3-424D-B22A-37108890EEB0}"
EndProject
Global
	GlobalSection(SolutionConfigurationPlatforms) = preSolution
		Debug|Any CPU = Debug|Any CPU
		Release|Any CPU = Release|Any CPU
	EndGlobalSection
	GlobalSection(ProjectConfigurationPlatforms) = postSolution
		{72FFD47B-3F6A-453B-9AE6-D292169DA928}.Debug|Any CPU.ActiveCfg = Debug|Any CPU
		{72FFD47B-3F6A-453B-9AE6-D292169DA928}.Debug|Any CPU.Build.0 = Debug|Any CPU
		{72FFD47B-3F6A-453B-9AE6-D292169DA928}.Release|Any CPU.ActiveCfg = Release|Any CPU
		{72FFD47B-3F6A-453B-9AE6-D292169DA928}.Release|Any CPU.Build.0 = Release|Any CPU
		{0233AA4A-0EF5-4769-9337-D1F171BC0E23}.Debug|Any CPU.ActiveCfg = Debug|Any CPU
		{0233AA4A-0EF5-4769-9337-D1F171BC0E23}.Debug|Any CPU.Build.0 = Debug|Any CPU
		{0233AA4A-0EF5-4769-9337-D1F171BC0E23}.Release|Any CPU.ActiveCfg = Release|Any CPU
		{0233AA4A-0EF5-4769-9337-D1F171BC0E23}.Release|Any CPU.Build.0 = Release|Any CPU
		{6A78FFCA-6EA3-424D-B22A-37108890EEB0}.Debug|Any CPU.ActiveCfg = Debug|Any CPU
		{6A78FFCA-6EA3-424D-B22A-37108890EEB0}.Debug|Any CPU.Build.0 = Debug|Any CPU
		{6A78FFCA-6EA3-424D-B22A-37108890EEB0}.Release|Any CPU.ActiveCfg = Release|Any CPU
		{6A78FFCA-6EA3-424D-B22A-37108890EEB0}.Release|Any CPU.Build.0 = Release|Any CPU
	EndGlobalSection
	GlobalSection(SolutionProperties) = preSolution
		HideSolutionNode = FALSE
	EndGlobalSection
	GlobalSection(ExtensibilityGlobals) = postSolution
		SolutionGuid = {DDDDB7C4-C35E-4A8E-BE2B-0196725F9767}
	EndGlobalSection
EndGlobal
